
Microsoft Visual Studio Solution File, Format Version 12.00
# Visual Studio Version 17
VisualStudioVersion = 17.14.36930.0 d17.14
MinimumVisualStudioVersion = 10.0.40219.1
Project("{FAE04EC0-301F-11D3-BF4B-00C04F79EFBC}") = "Domain", "Domain\Domain.csproj", "{0D40AB0B-B720-41BC-A5C3-2745A87EA1FF}"
EndProject
Project("{FAE04EC0-301F-11D3-BF4B-00C04F79EFBC}") = "Infra", "Infra\Infra.csproj", "{C0B08D59-DE03-4193-8548-D41CF30B16A6}"
EndProject
Project("{FAE04EC0-301F-11D3-BF4B-00C04F79EFBC}") = "App", "App\App.csproj", "{F1AD40FB-A553-4EEF-87C3-A8C76ED645C9}"
EndProject
Project("{FAE04EC0-301F-11D3-BF4B-00C04F79EFBC}") = "API", "API\API.csproj", "{3BFA0769-962D-4481-A503-B51EFA679C04}"
EndProject
Global
	GlobalSection(SolutionConfigurationPlatforms) = preSolution
		Debug|Any CPU = Debug|Any CPU
		Release|Any CPU = Release|Any CPU
	EndGlobalSection
	GlobalSection(ProjectConfigurationPlatforms) = postSolution
		{0D40AB0B-B720-41BC-A5C3-2745A87EA1FF}.Debug|Any CPU.ActiveCfg = Debug|Any CPU
		{0D40AB0B-B720-41BC-A5C3-2745A87EA1FF}.Debug|Any CPU.Build.0 = Debug|Any CPU
		{0D40AB0B-B720-41BC-A5C3-2745A87EA1FF}.Release|Any CPU.ActiveCfg = Release|Any CPU
		{0D40AB0B-B720-41BC-A5C3-2745A87EA1FF}.Release|Any CPU.Build.0 = Release|Any CPU
		{C0B08D59-DE03-4193-8548-D41CF30B16A6}.Debug|Any CPU.ActiveCfg = Debug|Any CPU
		{C0B08D59-DE03-4193-8548-D41CF30B16A6}.Debug|Any CPU.Build.0 = Debug|Any CPU
		{C0B08D59-DE03-4193-8548-D41CF30B16A6}.Release|Any CPU.ActiveCfg = Release|Any CPU
		{C0B08D59-DE03-4193-8548-D41CF30B16A6}.Release|Any CPU.Build.0 = Release|Any CPU
		{F1AD40FB-A553-4EEF-87C3-A8C76ED645C9}.Debug|Any CPU.ActiveCfg = Debug|Any CPU
		{F1AD40FB-A553-4EEF-87C3-A8C76ED645C9}.Debug|Any CPU.Build.0 = Debug|Any CPU
		{F1AD40FB-A553-4EEF-87C3-A8C76ED645C9}.Release|Any CPU.ActiveCfg = Release|Any CPU
		{F1AD40FB-A553-4EEF-87C3-A8C76ED645C9}.Release|Any CPU.Build.0 = Release|Any CPU
		{3BFA0769-962D-4481-A503-B51EFA679C04}.Debug|Any CPU.ActiveCfg = Debug|Any CPU
		{3BFA0769-962D-4481-A503-B51EFA679C04}.Debug|Any CPU.Build.0 = Debug|Any CPU
		{3BFA0769-962D-4481-A503-B51EFA679C04}.Release|Any CPU.ActiveCfg = Release|Any CPU
		{3BFA0769-962D-4481-A503-B51EFA679C04}.Release|Any CPU.Build.0 = Release|Any CPU
	EndGlobalSection
	GlobalSection(SolutionProperties) = preSolution
		HideSolutionNode = FALSE
	EndGlobalSection
	GlobalSection(ExtensibilityGlobals) = postSolution
		SolutionGuid = {389B5005-E955-471B-98AF-5243C08DF62A}
	EndGlobalSection
EndGlobal
